// !$*UTF8*$!
{
	archiveVersion = 1;
	classes = {
	};
	objectVersion = 50;
	objects = {

/* Begin PBXBuildFile section */
		419F1F05254740D200F686B4 /* AppDelegate.swift in Sources */ = {isa = PBXBuildFile; fileRef = 419F1F04254740D200F686B4 /* AppDelegate.swift */; };
		419F1F07254740D200F686B4 /* SceneDelegate.swift in Sources */ = {isa = PBXBuildFile; fileRef = 419F1F06254740D200F686B4 /* SceneDelegate.swift */; };
		419F1F09254740D200F686B4 /* ViewController.swift in Sources */ = {isa = PBXBuildFile; fileRef = 419F1F08254740D200F686B4 /* ViewController.swift */; };
		419F1F0C254740D200F686B4 /* Main.storyboard in Resources */ = {isa = PBXBuildFile; fileRef = 419F1F0A254740D200F686B4 /* Main.storyboard */; };
		419F1F0E254740D500F686B4 /* Assets.xcassets in Resources */ = {isa = PBXBuildFile; fileRef = 419F1F0D254740D500F686B4 /* Assets.xcassets */; };
		419F1F11254740D500F686B4 /* LaunchScreen.storyboard in Resources */ = {isa = PBXBuildFile; fileRef = 419F1F0F254740D500F686B4 /* LaunchScreen.storyboard */; };
		419F1F1C254740D500F686B4 /* CalculatorTests.swift in Sources */ = {isa = PBXBuildFile; fileRef = 419F1F1B254740D500F686B4 /* CalculatorTests.swift */; };
		419F1F27254740D500F686B4 /* CalculatorUITests.swift in Sources */ = {isa = PBXBuildFile; fileRef = 419F1F26254740D500F686B4 /* CalculatorUITests.swift */; };
		41F6414B25490C3E0045F91A /* AboutPageViewController.swift in Sources */ = {isa = PBXBuildFile; fileRef = 41F6414A25490C3E0045F91A /* AboutPageViewController.swift */; };
		41F6415F254A53D80045F91A /* PaddedLabel.swift in Sources */ = {isa = PBXBuildFile; fileRef = 41F6415E254A53D80045F91A /* PaddedLabel.swift */; };
		41F64169254A5B7F0045F91A /* CalculatorNumber.swift in Sources */ = {isa = PBXBuildFile; fileRef = 41F64168254A5B7F0045F91A /* CalculatorNumber.swift */; };
		41F6416E254A5BC20045F91A /* CalculatorOperator.swift in Sources */ = {isa = PBXBuildFile; fileRef = 41F6416D254A5BC20045F91A /* CalculatorOperator.swift */; };
		41F64173254A5BD40045F91A /* CalculatorBase.swift in Sources */ = {isa = PBXBuildFile; fileRef = 41F64172254A5BD40045F91A /* CalculatorBase.swift */; };
/* End PBXBuildFile section */

/* Begin PBXContainerItemProxy section */
		419F1F18254740D500F686B4 /* PBXContainerItemProxy */ = {
			isa = PBXContainerItemProxy;
			containerPortal = 419F1EF9254740D200F686B4 /* Project object */;
			proxyType = 1;
			remoteGlobalIDString = 419F1F00254740D200F686B4;
			remoteInfo = Calculator;
		};
		419F1F23254740D500F686B4 /* PBXContainerItemProxy */ = {
			isa = PBXContainerItemProxy;
			containerPortal = 419F1EF9254740D200F686B4 /* Project object */;
			proxyType = 1;
			remoteGlobalIDString = 419F1F00254740D200F686B4;
			remoteInfo = Calculator;
		};
/* End PBXContainerItemProxy section */

/* Begin PBXFileReference section */
		419F1F01254740D200F686B4 /* Calculator.app */ = {isa = PBXFileReference; explicitFileType = wrapper.application; includeInIndex = 0; path = Calculator.app; sourceTree = BUILT_PRODUCTS_DIR; };
		419F1F04254740D200F686B4 /* AppDelegate.swift */ = {isa = PBXFileReference; lastKnownFileType = sourcecode.swift; path = AppDelegate.swift; sourceTree = "<group>"; };
		419F1F06254740D200F686B4 /* SceneDelegate.swift */ = {isa = PBXFileReference; lastKnownFileType = sourcecode.swift; path = SceneDelegate.swift; sourceTree = "<group>"; };
		419F1F08254740D200F686B4 /* ViewController.swift */ = {isa = PBXFileReference; lastKnownFileType = sourcecode.swift; path = ViewController.swift; sourceTree = "<group>"; };
		419F1F0B254740D200F686B4 /* Base */ = {isa = PBXFileReference; lastKnownFileType = file.storyboard; name = Base; path = Base.lproj/Main.storyboard; sourceTree = "<group>"; };
		419F1F0D254740D500F686B4 /* Assets.xcassets */ = {isa = PBXFileReference; lastKnownFileType = folder.assetcatalog; path = Assets.xcassets; sourceTree = "<group>"; };
		419F1F10254740D500F686B4 /* Base */ = {isa = PBXFileReference; lastKnownFileType = file.storyboard; name = Base; path = Base.lproj/LaunchScreen.storyboard; sourceTree = "<group>"; };
		419F1F12254740D500F686B4 /* Info.plist */ = {isa = PBXFileReference; lastKnownFileType = text.plist.xml; path = Info.plist; sourceTree = "<group>"; };
		419F1F17254740D500F686B4 /* CalculatorTests.xctest */ = {isa = PBXFileReference; explicitFileType = wrapper.cfbundle; includeInIndex = 0; path = CalculatorTests.xctest; sourceTree = BUILT_PRODUCTS_DIR; };
		419F1F1B254740D500F686B4 /* CalculatorTests.swift */ = {isa = PBXFileReference; lastKnownFileType = sourcecode.swift; path = CalculatorTests.swift; sourceTree = "<group>"; };
		419F1F1D254740D500F686B4 /* Info.plist */ = {isa = PBXFileReference; lastKnownFileType = text.plist.xml; path = Info.plist; sourceTree = "<group>"; };
		419F1F22254740D500F686B4 /* CalculatorUITests.xctest */ = {isa = PBXFileReference; explicitFileType = wrapper.cfbundle; includeInIndex = 0; path = CalculatorUITests.xctest; sourceTree = BUILT_PRODUCTS_DIR; };
		419F1F26254740D500F686B4 /* CalculatorUITests.swift */ = {isa = PBXFileReference; lastKnownFileType = sourcecode.swift; path = CalculatorUITests.swift; sourceTree = "<group>"; };
		419F1F28254740D500F686B4 /* Info.plist */ = {isa = PBXFileReference; lastKnownFileType = text.plist.xml; path = Info.plist; sourceTree = "<group>"; };
		41F6414A25490C3E0045F91A /* AboutPageViewController.swift */ = {isa = PBXFileReference; lastKnownFileType = sourcecode.swift; path = AboutPageViewController.swift; sourceTree = "<group>"; };
		41F6415E254A53D80045F91A /* PaddedLabel.swift */ = {isa = PBXFileReference; lastKnownFileType = sourcecode.swift; path = PaddedLabel.swift; sourceTree = "<group>"; };
		41F64168254A5B7F0045F91A /* CalculatorNumber.swift */ = {isa = PBXFileReference; lastKnownFileType = sourcecode.swift; path = CalculatorNumber.swift; sourceTree = "<group>"; };
		41F6416D254A5BC20045F91A /* CalculatorOperator.swift */ = {isa = PBXFileReference; lastKnownFileType = sourcecode.swift; path = CalculatorOperator.swift; sourceTree = "<group>"; };
		41F64172254A5BD40045F91A /* CalculatorBase.swift */ = {isa = PBXFileReference; lastKnownFileType = sourcecode.swift; path = CalculatorBase.swift; sourceTree = "<group>"; };
/* End PBXFileReference section */

/* Begin PBXFrameworksBuildPhase section */
		419F1EFE254740D200F686B4 /* Frameworks */ = {
			isa = PBXFrameworksBuildPhase;
			buildActionMask = 2147483647;
			files = (
			);
			runOnlyForDeploymentPostprocessing = 0;
		};
		419F1F14254740D500F686B4 /* Frameworks */ = {
			isa = PBXFrameworksBuildPhase;
			buildActionMask = 2147483647;
			files = (
			);
			runOnlyForDeploymentPostprocessing = 0;
		};
		419F1F1F254740D500F686B4 /* Frameworks */ = {
			isa = PBXFrameworksBuildPhase;
			buildActionMask = 2147483647;
			files = (
			);
			runOnlyForDeploymentPostprocessing = 0;
		};
/* End PBXFrameworksBuildPhase section */

/* Begin PBXGroup section */
		419F1EF8254740D200F686B4 = {
			isa = PBXGroup;
			children = (
				419F1F03254740D200F686B4 /* Calculator */,
				419F1F1A254740D500F686B4 /* CalculatorTests */,
				419F1F25254740D500F686B4 /* CalculatorUITests */,
				419F1F02254740D200F686B4 /* Products */,
			);
			sourceTree = "<group>";
		};
		419F1F02254740D200F686B4 /* Products */ = {
			isa = PBXGroup;
			children = (
				419F1F01254740D200F686B4 /* Calculator.app */,
				419F1F17254740D500F686B4 /* CalculatorTests.xctest */,
				419F1F22254740D500F686B4 /* CalculatorUITests.xctest */,
			);
			name = Products;
			sourceTree = "<group>";
		};
		419F1F03254740D200F686B4 /* Calculator */ = {
			isa = PBXGroup;
			children = (
				41F64166254A58A00045F91A /* Actions */,
				41F6415D254A53BF0045F91A /* Labels */,
				419F1F04254740D200F686B4 /* AppDelegate.swift */,
				419F1F06254740D200F686B4 /* SceneDelegate.swift */,
				419F1F08254740D200F686B4 /* ViewController.swift */,
				419F1F0A254740D200F686B4 /* Main.storyboard */,
				419F1F0D254740D500F686B4 /* Assets.xcassets */,
				419F1F0F254740D500F686B4 /* LaunchScreen.storyboard */,
				419F1F12254740D500F686B4 /* Info.plist */,
				41F6414A25490C3E0045F91A /* AboutPageViewController.swift */,
			);
			path = Calculator;
			sourceTree = "<group>";
		};
		419F1F1A254740D500F686B4 /* CalculatorTests */ = {
			isa = PBXGroup;
			children = (
				419F1F1B254740D500F686B4 /* CalculatorTests.swift */,
				419F1F1D254740D500F686B4 /* Info.plist */,
			);
			path = CalculatorTests;
			sourceTree = "<group>";
		};
		419F1F25254740D500F686B4 /* CalculatorUITests */ = {
			isa = PBXGroup;
			children = (
				419F1F26254740D500F686B4 /* CalculatorUITests.swift */,
				419F1F28254740D500F686B4 /* Info.plist */,
			);
			path = CalculatorUITests;
			sourceTree = "<group>";
		};
		41F6415D254A53BF0045F91A /* Labels */ = {
			isa = PBXGroup;
			children = (
				41F6415E254A53D80045F91A /* PaddedLabel.swift */,
			);
			path = Labels;
			sourceTree = "<group>";
		};
		41F64166254A58A00045F91A /* Actions */ = {
			isa = PBXGroup;
			children = (
				41F64167254A58E10045F91A /* Buttons */,
			);
			path = Actions;
			sourceTree = "<group>";
		};
		41F64167254A58E10045F91A /* Buttons */ = {
			isa = PBXGroup;
			children = (
				41F64168254A5B7F0045F91A /* CalculatorNumber.swift */,
				41F6416D254A5BC20045F91A /* CalculatorOperator.swift */,
				41F64172254A5BD40045F91A /* CalculatorBase.swift */,
			);
			path = Buttons;
			sourceTree = "<group>";
		};
/* End PBXGroup section */

/* Begin PBXNativeTarget section */
		419F1F00254740D200F686B4 /* Calculator */ = {
			isa = PBXNativeTarget;
			buildConfigurationList = 419F1F2B254740D500F686B4 /* Build configuration list for PBXNativeTarget "Calculator" */;
			buildPhases = (
				419F1EFD254740D200F686B4 /* Sources */,
				419F1EFE254740D200F686B4 /* Frameworks */,
				419F1EFF254740D200F686B4 /* Resources */,
			);
			buildRules = (
			);
			dependencies = (
			);
			name = Calculator;
			productName = Calculator;
			productReference = 419F1F01254740D200F686B4 /* Calculator.app */;
			productType = "com.apple.product-type.application";
		};
		419F1F16254740D500F686B4 /* CalculatorTests */ = {
			isa = PBXNativeTarget;
			buildConfigurationList = 419F1F2E254740D500F686B4 /* Build configuration list for PBXNativeTarget "CalculatorTests" */;
			buildPhases = (
				419F1F13254740D500F686B4 /* Sources */,
				419F1F14254740D500F686B4 /* Frameworks */,
				419F1F15254740D500F686B4 /* Resources */,
			);
			buildRules = (
			);
			dependencies = (
				419F1F19254740D500F686B4 /* PBXTargetDependency */,
			);
			name = CalculatorTests;
			productName = CalculatorTests;
			productReference = 419F1F17254740D500F686B4 /* CalculatorTests.xctest */;
			productType = "com.apple.product-type.bundle.unit-test";
		};
		419F1F21254740D500F686B4 /* CalculatorUITests */ = {
			isa = PBXNativeTarget;
			buildConfigurationList = 419F1F31254740D500F686B4 /* Build configuration list for PBXNativeTarget "CalculatorUITests" */;
			buildPhases = (
				419F1F1E254740D500F686B4 /* Sources */,
				419F1F1F254740D500F686B4 /* Frameworks */,
				419F1F20254740D500F686B4 /* Resources */,
			);
			buildRules = (
			);
			dependencies = (
				419F1F24254740D500F686B4 /* PBXTargetDependency */,
			);
			name = CalculatorUITests;
			productName = CalculatorUITests;
			productReference = 419F1F22254740D500F686B4 /* CalculatorUITests.xctest */;
			productType = "com.apple.product-type.bundle.ui-testing";
		};
/* End PBXNativeTarget section */

/* Begin PBXProject section */
		419F1EF9254740D200F686B4 /* Project object */ = {
			isa = PBXProject;
			attributes = {
				LastSwiftUpdateCheck = 1210;
				LastUpgradeCheck = 1210;
				TargetAttributes = {
					419F1F00254740D200F686B4 = {
						CreatedOnToolsVersion = 12.1;
					};
					419F1F16254740D500F686B4 = {
						CreatedOnToolsVersion = 12.1;
						TestTargetID = 419F1F00254740D200F686B4;
					};
					419F1F21254740D500F686B4 = {
						CreatedOnToolsVersion = 12.1;
						TestTargetID = 419F1F00254740D200F686B4;
					};
				};
			};
			buildConfigurationList = 419F1EFC254740D200F686B4 /* Build configuration list for PBXProject "Calculator" */;
			compatibilityVersion = "Xcode 9.3";
			developmentRegion = en;
			hasScannedForEncodings = 0;
			knownRegions = (
				en,
				Base,
			);
			mainGroup = 419F1EF8254740D200F686B4;
			productRefGroup = 419F1F02254740D200F686B4 /* Products */;
			projectDirPath = "";
			projectRoot = "";
			targets = (
				419F1F00254740D200F686B4 /* Calculator */,
				419F1F16254740D500F686B4 /* CalculatorTests */,
				419F1F21254740D500F686B4 /* CalculatorUITests */,
			);
		};
/* End PBXProject section */

/* Begin PBXResourcesBuildPhase section */
		419F1EFF254740D200F686B4 /* Resources */ = {
			isa = PBXResourcesBuildPhase;
			buildActionMask = 2147483647;
			files = (
				419F1F11254740D500F686B4 /* LaunchScreen.storyboard in Resources */,
				419F1F0E254740D500F686B4 /* Assets.xcassets in Resources */,
				419F1F0C254740D200F686B4 /* Main.storyboard in Resources */,
			);
			runOnlyForDeploymentPostprocessing = 0;
		};
		419F1F15254740D500F686B4 /* Resources */ = {
			isa = PBXResourcesBuildPhase;
			buildActionMask = 2147483647;
			files = (
			);
			runOnlyForDeploymentPostprocessing = 0;
		};
		419F1F20254740D500F686B4 /* Resources */ = {
			isa = PBXResourcesBuildPhase;
			buildActionMask = 2147483647;
			files = (
			);
			runOnlyForDeploymentPostprocessing = 0;
		};
/* End PBXResourcesBuildPhase section */

/* Begin PBXSourcesBuildPhase section */
		419F1EFD254740D200F686B4 /* Sources */ = {
			isa = PBXSourcesBuildPhase;
			buildActionMask = 2147483647;
			files = (
				41F64173254A5BD40045F91A /* CalculatorBase.swift in Sources */,
				419F1F09254740D200F686B4 /* ViewController.swift in Sources */,
				419F1F05254740D200F686B4 /* AppDelegate.swift in Sources */,
				41F64169254A5B7F0045F91A /* CalculatorNumber.swift in Sources */,
				419F1F07254740D200F686B4 /* SceneDelegate.swift in Sources */,
				41F6416E254A5BC20045F91A /* CalculatorOperator.swift in Sources */,
				41F6415F254A53D80045F91A /* PaddedLabel.swift in Sources */,
				41F6414B25490C3E0045F91A /* AboutPageViewController.swift in Sources */,
			);
			runOnlyForDeploymentPostprocessing = 0;
		};
		419F1F13254740D500F686B4 /* Sources */ = {
			isa = PBXSourcesBuildPhase;
			buildActionMask = 2147483647;
			files = (
				419F1F1C254740D500F686B4 /* CalculatorTests.swift in Sources */,
			);
			runOnlyForDeploymentPostprocessing = 0;
		};
		419F1F1E254740D500F686B4 /* Sources */ = {
			isa = PBXSourcesBuildPhase;
			buildActionMask = 2147483647;
			files = (
				419F1F27254740D500F686B4 /* CalculatorUITests.swift in Sources */,
			);
			runOnlyForDeploymentPostprocessing = 0;
		};
/* End PBXSourcesBuildPhase section */

/* Begin PBXTargetDependency section */
		419F1F19254740D500F686B4 /* PBXTargetDependency */ = {
			isa = PBXTargetDependency;
			target = 419F1F00254740D200F686B4 /* Calculator */;
			targetProxy = 419F1F18254740D500F686B4 /* PBXContainerItemProxy */;
		};
		419F1F24254740D500F686B4 /* PBXTargetDependency */ = {
			isa = PBXTargetDependency;
			target = 419F1F00254740D200F686B4 /* Calculator */;
			targetProxy = 419F1F23254740D500F686B4 /* PBXContainerItemProxy */;
		};
/* End PBXTargetDependency section */

/* Begin PBXVariantGroup section */
		419F1F0A254740D200F686B4 /* Main.storyboard */ = {
			isa = PBXVariantGroup;
			children = (
				419F1F0B254740D200F686B4 /* Base */,
			);
			name = Main.storyboard;
			sourceTree = "<group>";
		};
		419F1F0F254740D500F686B4 /* LaunchScreen.storyboard */ = {
			isa = PBXVariantGroup;
			children = (
				419F1F10254740D500F686B4 /* Base */,
			);
			name = LaunchScreen.storyboard;
			sourceTree = "<group>";
		};
/* End PBXVariantGroup section */

/* Begin XCBuildConfiguration section */
		419F1F29254740D500F686B4 /* Debug */ = {
			isa = XCBuildConfiguration;
			buildSettings = {
				ALWAYS_SEARCH_USER_PATHS = NO;
				CLANG_ANALYZER_NONNULL = YES;
				CLANG_ANALYZER_NUMBER_OBJECT_CONVERSION = YES_AGGRESSIVE;
				CLANG_CXX_LANGUAGE_STANDARD = "gnu++14";
				CLANG_CXX_LIBRARY = "libc++";
				CLANG_ENABLE_MODULES = YES;
				CLANG_ENABLE_OBJC_ARC = YES;
				CLANG_ENABLE_OBJC_WEAK = YES;
				CLANG_WARN_BLOCK_CAPTURE_AUTORELEASING = YES;
				CLANG_WARN_BOOL_CONVERSION = YES;
				CLANG_WARN_COMMA = YES;
				CLANG_WARN_CONSTANT_CONVERSION = YES;
				CLANG_WARN_DEPRECATED_OBJC_IMPLEMENTATIONS = YES;
				CLANG_WARN_DIRECT_OBJC_ISA_USAGE = YES_ERROR;
				CLANG_WARN_DOCUMENTATION_COMMENTS = YES;
				CLANG_WARN_EMPTY_BODY = YES;
				CLANG_WARN_ENUM_CONVERSION = YES;
				CLANG_WARN_INFINITE_RECURSION = YES;
				CLANG_WARN_INT_CONVERSION = YES;
				CLANG_WARN_NON_LITERAL_NULL_CONVERSION = YES;
				CLANG_WARN_OBJC_IMPLICIT_RETAIN_SELF = YES;
				CLANG_WARN_OBJC_LITERAL_CONVERSION = YES;
				CLANG_WARN_OBJC_ROOT_CLASS = YES_ERROR;
				CLANG_WARN_QUOTED_INCLUDE_IN_FRAMEWORK_HEADER = YES;
				CLANG_WARN_RANGE_LOOP_ANALYSIS = YES;
				CLANG_WARN_STRICT_PROTOTYPES = YES;
				CLANG_WARN_SUSPICIOUS_MOVE = YES;
				CLANG_WARN_UNGUARDED_AVAILABILITY = YES_AGGRESSIVE;
				CLANG_WARN_UNREACHABLE_CODE = YES;
				CLANG_WARN__DUPLICATE_METHOD_MATCH = YES;
				COPY_PHASE_STRIP = NO;
				DEBUG_INFORMATION_FORMAT = dwarf;
				ENABLE_STRICT_OBJC_MSGSEND = YES;
				ENABLE_TESTABILITY = YES;
				GCC_C_LANGUAGE_STANDARD = gnu11;
				GCC_DYNAMIC_NO_PIC = NO;
				GCC_NO_COMMON_BLOCKS = YES;
				GCC_OPTIMIZATION_LEVEL = 0;
				GCC_PREPROCESSOR_DEFINITIONS = (
					"DEBUG=1",
					"$(inherited)",
				);
				GCC_WARN_64_TO_32_BIT_CONVERSION = YES;
				GCC_WARN_ABOUT_RETURN_TYPE = YES_ERROR;
				GCC_WARN_UNDECLARED_SELECTOR = YES;
				GCC_WARN_UNINITIALIZED_AUTOS = YES_AGGRESSIVE;
				GCC_WARN_UNUSED_FUNCTION = YES;
				GCC_WARN_UNUSED_VARIABLE = YES;
				IPHONEOS_DEPLOYMENT_TARGET = 14.1;
				MTL_ENABLE_DEBUG_INFO = INCLUDE_SOURCE;
				MTL_FAST_MATH = YES;
				ONLY_ACTIVE_ARCH = YES;
				SDKROOT = iphoneos;
				SWIFT_ACTIVE_COMPILATION_CONDITIONS = DEBUG;
				SWIFT_OPTIMIZATION_LEVEL = "-Onone";
			};
			name = Debug;
		};
		419F1F2A254740D500F686B4 /* Release */ = {
			isa = XCBuildConfiguration;
			buildSettings = {
				ALWAYS_SEARCH_USER_PATHS = NO;
				CLANG_ANALYZER_NONNULL = YES;
				CLANG_ANALYZER_NUMBER_OBJECT_CONVERSION = YES_AGGRESSIVE;
				CLANG_CXX_LANGUAGE_STANDARD = "gnu++14";
				CLANG_CXX_LIBRARY = "libc++";
				CLANG_ENABLE_MODULES = YES;
				CLANG_ENABLE_OBJC_ARC = YES;
				CLANG_ENABLE_OBJC_WEAK = YES;
				CLANG_WARN_BLOCK_CAPTURE_AUTORELEASING = YES;
				CLANG_WARN_BOOL_CONVERSION = YES;
				CLANG_WARN_COMMA = YES;
				CLANG_WARN_CONSTANT_CONVERSION = YES;
				CLANG_WARN_DEPRECATED_OBJC_IMPLEMENTATIONS = YES;
				CLANG_WARN_DIRECT_OBJC_ISA_USAGE = YES_ERROR;
				CLANG_WARN_DOCUMENTATION_COMMENTS = YES;
				CLANG_WARN_EMPTY_BODY = YES;
				CLANG_WARN_ENUM_CONVERSION = YES;
				CLANG_WARN_INFINITE_RECURSION = YES;
				CLANG_WARN_INT_CONVERSION = YES;
				CLANG_WARN_NON_LITERAL_NULL_CONVERSION = YES;
				CLANG_WARN_OBJC_IMPLICIT_RETAIN_SELF = YES;
				CLANG_WARN_OBJC_LITERAL_CONVERSION = YES;
				CLANG_WARN_OBJC_ROOT_CLASS = YES_ERROR;
				CLANG_WARN_QUOTED_INCLUDE_IN_FRAMEWORK_HEADER = YES;
				CLANG_WARN_RANGE_LOOP_ANALYSIS = YES;
				CLANG_WARN_STRICT_PROTOTYPES = YES;
				CLANG_WARN_SUSPICIOUS_MOVE = YES;
				CLANG_WARN_UNGUARDED_AVAILABILITY = YES_AGGRESSIVE;
				CLANG_WARN_UNREACHABLE_CODE = YES;
				CLANG_WARN__DUPLICATE_METHOD_MATCH = YES;
				COPY_PHASE_STRIP = NO;
				DEBUG_INFORMATION_FORMAT = "dwarf-with-dsym";
				ENABLE_NS_ASSERTIONS = NO;
				ENABLE_STRICT_OBJC_MSGSEND = YES;
				GCC_C_LANGUAGE_STANDARD = gnu11;
				GCC_NO_COMMON_BLOCKS = YES;
				GCC_WARN_64_TO_32_BIT_CONVERSION = YES;
				GCC_WARN_ABOUT_RETURN_TYPE = YES_ERROR;
				GCC_WARN_UNDECLARED_SELECTOR = YES;
				GCC_WARN_UNINITIALIZED_AUTOS = YES_AGGRESSIVE;
				GCC_WARN_UNUSED_FUNCTION = YES;
				GCC_WARN_UNUSED_VARIABLE = YES;
				IPHONEOS_DEPLOYMENT_TARGET = 14.1;
				MTL_ENABLE_DEBUG_INFO = NO;
				MTL_FAST_MATH = YES;
				SDKROOT = iphoneos;
				SWIFT_COMPILATION_MODE = wholemodule;
				SWIFT_OPTIMIZATION_LEVEL = "-O";
				VALIDATE_PRODUCT = YES;
			};
			name = Release;
		};
		419F1F2C254740D500F686B4 /* Debug */ = {
			isa = XCBuildConfiguration;
			buildSettings = {
				ASSETCATALOG_COMPILER_APPICON_NAME = AppIcon;
				ASSETCATALOG_COMPILER_GLOBAL_ACCENT_COLOR_NAME = AccentColor;
				CODE_SIGN_STYLE = Automatic;
				DEVELOPMENT_TEAM = D3YKP7DGVC;
				INFOPLIST_FILE = Calculator/Info.plist;
				LD_RUNPATH_SEARCH_PATHS = (
					"$(inherited)",
					"@executable_path/Frameworks",
				);
				PRODUCT_BUNDLE_IDENTIFIER = com.saechaol.Calculator;
				PRODUCT_NAME = "$(TARGET_NAME)";
				SWIFT_VERSION = 5.0;
				TARGETED_DEVICE_FAMILY = "1,2";
			};
			name = Debug;
		};
		419F1F2D254740D500F686B4 /* Release */ = {
			isa = XCBuildConfiguration;
			buildSettings = {
				ASSETCATALOG_COMPILER_APPICON_NAME = AppIcon;
				ASSETCATALOG_COMPILER_GLOBAL_ACCENT_COLOR_NAME = AccentColor;
				CODE_SIGN_STYLE = Automatic;
				DEVELOPMENT_TEAM = D3YKP7DGVC;
				INFOPLIST_FILE = Calculator/Info.plist;
				LD_RUNPATH_SEARCH_PATHS = (
					"$(inherited)",
					"@executable_path/Frameworks",
				);
				PRODUCT_BUNDLE_IDENTIFIER = com.saechaol.Calculator;
				PRODUCT_NAME = "$(TARGET_NAME)";
				SWIFT_VERSION = 5.0;
				TARGETED_DEVICE_FAMILY = "1,2";
			};
			name = Release;
		};
		419F1F2F254740D500F686B4 /* Debug */ = {
			isa = XCBuildConfiguration;
			buildSettings = {
				ALWAYS_EMBED_SWIFT_STANDARD_LIBRARIES = YES;
				BUNDLE_LOADER = "$(TEST_HOST)";
				CODE_SIGN_STYLE = Automatic;
				DEVELOPMENT_TEAM = D3YKP7DGVC;
				INFOPLIST_FILE = CalculatorTests/Info.plist;
				IPHONEOS_DEPLOYMENT_TARGET = 14.1;
				LD_RUNPATH_SEARCH_PATHS = (
					"$(inherited)",
					"@executable_path/Frameworks",
					"@loader_path/Frameworks",
				);
				PRODUCT_BUNDLE_IDENTIFIER = com.saechaol.CalculatorTests;
				PRODUCT_NAME = "$(TARGET_NAME)";
				SWIFT_VERSION = 5.0;
				TARGETED_DEVICE_FAMILY = "1,2";
				TEST_HOST = "$(BUILT_PRODUCTS_DIR)/Calculator.app/Calculator";
			};
			name = Debug;
		};
		419F1F30254740D500F686B4 /* Release */ = {
			isa = XCBuildConfiguration;
			buildSettings = {
				ALWAYS_EMBED_SWIFT_STANDARD_LIBRARIES = YES;
				BUNDLE_LOADER = "$(TEST_HOST)";
				CODE_SIGN_STYLE = Automatic;
				DEVELOPMENT_TEAM = D3YKP7DGVC;
				INFOPLIST_FILE = CalculatorTests/Info.plist;
				IPHONEOS_DEPLOYMENT_TARGET = 14.1;
				LD_RUNPATH_SEARCH_PATHS = (
					"$(inherited)",
					"@executable_path/Frameworks",
					"@loader_path/Frameworks",
				);
				PRODUCT_BUNDLE_IDENTIFIER = com.saechaol.CalculatorTests;
				PRODUCT_NAME = "$(TARGET_NAME)";
				SWIFT_VERSION = 5.0;
				TARGETED_DEVICE_FAMILY = "1,2";
				TEST_HOST = "$(BUILT_PRODUCTS_DIR)/Calculator.app/Calculator";
			};
			name = Release;
		};
		419F1F32254740D500F686B4 /* Debug */ = {
			isa = XCBuildConfiguration;
			buildSettings = {
				ALWAYS_EMBED_SWIFT_STANDARD_LIBRARIES = YES;
				CODE_SIGN_STYLE = Automatic;
				DEVELOPMENT_TEAM = D3YKP7DGVC;
				INFOPLIST_FILE = CalculatorUITests/Info.plist;
				LD_RUNPATH_SEARCH_PATHS = (
					"$(inherited)",
					"@executable_path/Frameworks",
					"@loader_path/Frameworks",
				);
				PRODUCT_BUNDLE_IDENTIFIER = com.saechaol.CalculatorUITests;
				PRODUCT_NAME = "$(TARGET_NAME)";
				SWIFT_VERSION = 5.0;
				TARGETED_DEVICE_FAMILY = "1,2";
				TEST_TARGET_NAME = Calculator;
			};
			name = Debug;
		};
		419F1F33254740D500F686B4 /* Release */ = {
			isa = XCBuildConfiguration;
			buildSettings = {
				ALWAYS_EMBED_SWIFT_STANDARD_LIBRARIES = YES;
				CODE_SIGN_STYLE = Automatic;
				DEVELOPMENT_TEAM = D3YKP7DGVC;
				INFOPLIST_FILE = CalculatorUITests/Info.plist;
				LD_RUNPATH_SEARCH_PATHS = (
					"$(inherited)",
					"@executable_path/Frameworks",
					"@loader_path/Frameworks",
				);
				PRODUCT_BUNDLE_IDENTIFIER = com.saechaol.CalculatorUITests;
				PRODUCT_NAME = "$(TARGET_NAME)";
				SWIFT_VERSION = 5.0;
				TARGETED_DEVICE_FAMILY = "1,2";
				TEST_TARGET_NAME = Calculator;
			};
			name = Release;
		};
/* End XCBuildConfiguration section */

/* Begin XCConfigurationList section */
		419F1EFC254740D200F686B4 /* Build configuration list for PBXProject "Calculator" */ = {
			isa = XCConfigurationList;
			buildConfigurations = (
				419F1F29254740D500F686B4 /* Debug */,
				419F1F2A254740D500F686B4 /* Release */,
			);
			defaultConfigurationIsVisible = 0;
			defaultConfigurationName = Release;
		};
		419F1F2B254740D500F686B4 /* Build configuration list for PBXNativeTarget "Calculator" */ = {
			isa = XCConfigurationList;
			buildConfigurations = (
				419F1F2C254740D500F686B4 /* Debug */,
				419F1F2D254740D500F686B4 /* Release */,
			);
			defaultConfigurationIsVisible = 0;
			defaultConfigurationName = Release;
		};
		419F1F2E254740D500F686B4 /* Build configuration list for PBXNativeTarget "CalculatorTests" */ = {
			isa = XCConfigurationList;
			buildConfigurations = (
				419F1F2F254740D500F686B4 /* Debug */,
				419F1F30254740D500F686B4 /* Release */,
			);
			defaultConfigurationIsVisible = 0;
			defaultConfigurationName = Release;
		};
		419F1F31254740D500F686B4 /* Build configuration list for PBXNativeTarget "CalculatorUITests" */ = {
			isa = XCConfigurationList;
			buildConfigurations = (
				419F1F32254740D500F686B4 /* Debug */,
				419F1F33254740D500F686B4 /* Release */,
			);
			defaultConfigurationIsVisible = 0;
			defaultConfigurationName = Release;
		};
/* End XCConfigurationList section */
	};
	rootObject = 419F1EF9254740D200F686B4 /* Project object */;
}
